
Microsoft Visual Studio Solution File, Format Version 12.00
# Visual Studio 15
VisualStudioVersion = 15.0.28307.1022
MinimumVisualStudioVersion = 10.0.40219.1
Project("{E24C65DC-7377-472B-9ABA-BC803B73C61A}") = "ArtGallery", "ArtGallery\", "{3E07AD4E-B782-4128-9A02-70B2C1D58035}"
	ProjectSection(WebsiteProperties) = preProject
		TargetFrameworkMoniker = ".NETFramework,Version%3Dv4.6.1"
		Debug.AspNetCompiler.VirtualPath = "/localhost_53967"
		Debug.AspNetCompiler.PhysicalPath = "ArtGallery\"
		Debug.AspNetCompiler.TargetPath = "PrecompiledWeb\localhost_53967\"
		Debug.AspNetCompiler.Updateable = "true"
		Debug.AspNetCompiler.ForceOverwrite = "true"
		Debug.AspNetCompiler.FixedNames = "false"
		Debug.AspNetCompiler.Debug = "True"
		Release.AspNetCompiler.VirtualPath = "/localhost_53967"
		Release.AspNetCompiler.PhysicalPath = "ArtGallery\"
		Release.AspNetCompiler.TargetPath = "PrecompiledWeb\localhost_53967\"
		Release.AspNetCompiler.Updateable = "true"
		Release.AspNetCompiler.ForceOverwrite = "true"
		Release.AspNetCompiler.FixedNames = "false"
		Release.AspNetCompiler.Debug = "False"
		VWDPort = "53967"
		SlnRelativePath = "ArtGallery\"
		DefaultWebSiteLanguage = "Visual C#"
	EndProjectSection
EndProject
Global
	GlobalSection(SolutionConfigurationPlatforms) = preSolution
		Debug|Any CPU = Debug|Any CPU
	EndGlobalSection
	GlobalSection(ProjectConfigurationPlatforms) = postSolution
		{3E07AD4E-B782-4128-9A02-70B2C1D58035}.Debug|Any CPU.ActiveCfg = Debug|Any CPU
		{3E07AD4E-B782-4128-9A02-70B2C1D58035}.Debug|Any CPU.Build.0 = Debug|Any CPU
	EndGlobalSection
	GlobalSection(SolutionProperties) = preSolution
		HideSolutionNode = FALSE
	EndGlobalSection
	GlobalSection(ExtensibilityGlobals) = postSolution
		SolutionGuid = {873726B2-9BD3-4E5E-80F1-79488A6F846F}
	EndGlobalSection
EndGlobal
